// !$*UTF8*$!
{
	archiveVersion = 1;
	classes = {
	};
	objectVersion = 56;
	objects = {

/* Begin PBXBuildFile section */
		6C5868A218F28C4AFF683A29 /* Pods_HW21.framework in Frameworks */ = {isa = PBXBuildFile; fileRef = B4268BF1FBD4D5C0B136A7F3 /* Pods_HW21.framework */; };
		6E3D0C232B67AA130021D259 /* AppDelegate.swift in Sources */ = {isa = PBXBuildFile; fileRef = 6E3D0C222B67AA130021D259 /* AppDelegate.swift */; };
		6E3D0C252B67AA130021D259 /* SceneDelegate.swift in Sources */ = {isa = PBXBuildFile; fileRef = 6E3D0C242B67AA130021D259 /* SceneDelegate.swift */; };
		6E3D0C272B67AA130021D259 /* ViewController.swift in Sources */ = {isa = PBXBuildFile; fileRef = 6E3D0C262B67AA130021D259 /* ViewController.swift */; };
		6E3D0C2A2B67AA130021D259 /* Main.storyboard in Resources */ = {isa = PBXBuildFile; fileRef = 6E3D0C282B67AA130021D259 /* Main.storyboard */; };
		6E3D0C2C2B67AA160021D259 /* Assets.xcassets in Resources */ = {isa = PBXBuildFile; fileRef = 6E3D0C2B2B67AA160021D259 /* Assets.xcassets */; };
		6E3D0C2F2B67AA160021D259 /* LaunchScreen.storyboard in Resources */ = {isa = PBXBuildFile; fileRef = 6E3D0C2D2B67AA160021D259 /* LaunchScreen.storyboard */; };
		6EA8565F2B67D93B00B87E34 /* Cell.swift in Sources */ = {isa = PBXBuildFile; fileRef = 6EA8565E2B67D93B00B87E34 /* Cell.swift */; };
		6EA856622B67E3B700B87E34 /* MagicCardsModel.swift in Sources */ = {isa = PBXBuildFile; fileRef = 6EA856612B67E3B700B87E34 /* MagicCardsModel.swift */; };
		6EA856642B67E62500B87E34 /* DetailView.swift in Sources */ = {isa = PBXBuildFile; fileRef = 6EA856632B67E62500B87E34 /* DetailView.swift */; };
/* End PBXBuildFile section */

/* Begin PBXFileReference section */
		382521E6909584239008FFEE /* Pods-HW21.release.xcconfig */ = {isa = PBXFileReference; includeInIndex = 1; lastKnownFileType = text.xcconfig; name = "Pods-HW21.release.xcconfig"; path = "Target Support Files/Pods-HW21/Pods-HW21.release.xcconfig"; sourceTree = "<group>"; };
		6E3D0C1F2B67AA130021D259 /* HW21.app */ = {isa = PBXFileReference; explicitFileType = wrapper.application; includeInIndex = 0; path = HW21.app; sourceTree = BUILT_PRODUCTS_DIR; };
		6E3D0C222B67AA130021D259 /* AppDelegate.swift */ = {isa = PBXFileReference; lastKnownFileType = sourcecode.swift; path = AppDelegate.swift; sourceTree = "<group>"; };
		6E3D0C242B67AA130021D259 /* SceneDelegate.swift */ = {isa = PBXFileReference; lastKnownFileType = sourcecode.swift; path = SceneDelegate.swift; sourceTree = "<group>"; };
		6E3D0C262B67AA130021D259 /* ViewController.swift */ = {isa = PBXFileReference; lastKnownFileType = sourcecode.swift; path = ViewController.swift; sourceTree = "<group>"; };
		6E3D0C292B67AA130021D259 /* Base */ = {isa = PBXFileReference; lastKnownFileType = file.storyboard; name = Base; path = Base.lproj/Main.storyboard; sourceTree = "<group>"; };
		6E3D0C2B2B67AA160021D259 /* Assets.xcassets */ = {isa = PBXFileReference; lastKnownFileType = folder.assetcatalog; path = Assets.xcassets; sourceTree = "<group>"; };
		6E3D0C2E2B67AA160021D259 /* Base */ = {isa = PBXFileReference; lastKnownFileType = file.storyboard; name = Base; path = Base.lproj/LaunchScreen.storyboard; sourceTree = "<group>"; };
		6E3D0C302B67AA160021D259 /* Info.plist */ = {isa = PBXFileReference; lastKnownFileType = text.plist.xml; path = Info.plist; sourceTree = "<group>"; };
		6EA8565E2B67D93B00B87E34 /* Cell.swift */ = {isa = PBXFileReference; lastKnownFileType = sourcecode.swift; path = Cell.swift; sourceTree = "<group>"; };
		6EA856612B67E3B700B87E34 /* MagicCardsModel.swift */ = {isa = PBXFileReference; lastKnownFileType = sourcecode.swift; path = MagicCardsModel.swift; sourceTree = "<group>"; };
		6EA856632B67E62500B87E34 /* DetailView.swift */ = {isa = PBXFileReference; lastKnownFileType = sourcecode.swift; path = DetailView.swift; sourceTree = "<group>"; };
		7505009AF29483DE4088AC49 /* Pods-HW21.debug.xcconfig */ = {isa = PBXFileReference; includeInIndex = 1; lastKnownFileType = text.xcconfig; name = "Pods-HW21.debug.xcconfig"; path = "Target Support Files/Pods-HW21/Pods-HW21.debug.xcconfig"; sourceTree = "<group>"; };
		B4268BF1FBD4D5C0B136A7F3 /* Pods_HW21.framework */ = {isa = PBXFileReference; explicitFileType = wrapper.framework; includeInIndex = 0; path = Pods_HW21.framework; sourceTree = BUILT_PRODUCTS_DIR; };
/* End PBXFileReference section */

/* Begin PBXFrameworksBuildPhase section */
		6E3D0C1C2B67AA130021D259 /* Frameworks */ = {
			isa = PBXFrameworksBuildPhase;
			buildActionMask = 2147483647;
			files = (
				6C5868A218F28C4AFF683A29 /* Pods_HW21.framework in Frameworks */,
			);
			runOnlyForDeploymentPostprocessing = 0;
		};
/* End PBXFrameworksBuildPhase section */

/* Begin PBXGroup section */
		10C3F846623141ABFFD96BC1 /* Pods */ = {
			isa = PBXGroup;
			children = (
				7505009AF29483DE4088AC49 /* Pods-HW21.debug.xcconfig */,
				382521E6909584239008FFEE /* Pods-HW21.release.xcconfig */,
			);
			path = Pods;
			sourceTree = "<group>";
		};
		6E3D0C162B67AA130021D259 = {
			isa = PBXGroup;
			children = (
				6E3D0C212B67AA130021D259 /* HW21 */,
				6E3D0C202B67AA130021D259 /* Products */,
				10C3F846623141ABFFD96BC1 /* Pods */,
				FDECDC5F328E422B2B537FA4 /* Frameworks */,
			);
			sourceTree = "<group>";
		};
		6E3D0C202B67AA130021D259 /* Products */ = {
			isa = PBXGroup;
			children = (
				6E3D0C1F2B67AA130021D259 /* HW21.app */,
			);
			name = Products;
			sourceTree = "<group>";
		};
		6E3D0C212B67AA130021D259 /* HW21 */ = {
			isa = PBXGroup;
			children = (
				6EA8565B2B67AD3700B87E34 /* Sources */,
				6EA8565A2B67AD0F00B87E34 /* Resources */,
			);
			path = HW21;
			sourceTree = "<group>";
		};
		6EA8565A2B67AD0F00B87E34 /* Resources */ = {
			isa = PBXGroup;
			children = (
				6E3D0C282B67AA130021D259 /* Main.storyboard */,
				6E3D0C2D2B67AA160021D259 /* LaunchScreen.storyboard */,
				6E3D0C302B67AA160021D259 /* Info.plist */,
				6E3D0C2B2B67AA160021D259 /* Assets.xcassets */,
			);
			path = Resources;
			sourceTree = "<group>";
		};
		6EA8565B2B67AD3700B87E34 /* Sources */ = {
			isa = PBXGroup;
			children = (
				6EA8565D2B67AD7600B87E34 /* App */,
				6EA8565C2B67AD6A00B87E34 /* Scenes */,
			);
			path = Sources;
			sourceTree = "<group>";
		};
		6EA8565C2B67AD6A00B87E34 /* Scenes */ = {
			isa = PBXGroup;
			children = (
				6EA856602B67E38800B87E34 /* Model */,
				6E3D0C262B67AA130021D259 /* ViewController.swift */,
				6EA8565E2B67D93B00B87E34 /* Cell.swift */,
				6EA856632B67E62500B87E34 /* DetailView.swift */,
			);
			path = Scenes;
			sourceTree = "<group>";
		};
		6EA8565D2B67AD7600B87E34 /* App */ = {
			isa = PBXGroup;
			children = (
				6E3D0C222B67AA130021D259 /* AppDelegate.swift */,
				6E3D0C242B67AA130021D259 /* SceneDelegate.swift */,
			);
			path = App;
			sourceTree = "<group>";
		};
		6EA856602B67E38800B87E34 /* Model */ = {
			isa = PBXGroup;
			children = (
				6EA856612B67E3B700B87E34 /* MagicCardsModel.swift */,
			);
			path = Model;
			sourceTree = "<group>";
		};
		FDECDC5F328E422B2B537FA4 /* Frameworks */ = {
			isa = PBXGroup;
			children = (
				B4268BF1FBD4D5C0B136A7F3 /* Pods_HW21.framework */,
			);
			name = Frameworks;
			sourceTree = "<group>";
		};
/* End PBXGroup section */

/* Begin PBXNativeTarget section */
		6E3D0C1E2B67AA130021D259 /* HW21 */ = {
			isa = PBXNativeTarget;
			buildConfigurationList = 6E3D0C332B67AA160021D259 /* Build configuration list for PBXNativeTarget "HW21" */;
			buildPhases = (
				7B4356BF3E5AA4D902C018C8 /* [CP] Check Pods Manifest.lock */,
				6E3D0C1B2B67AA130021D259 /* Sources */,
				6E3D0C1C2B67AA130021D259 /* Frameworks */,
				6E3D0C1D2B67AA130021D259 /* Resources */,
				193DC8FF3588A6912CE9F861 /* [CP] Embed Pods Frameworks */,
			);
			buildRules = (
			);
			dependencies = (
			);
			name = HW21;
			productName = HW21;
			productReference = 6E3D0C1F2B67AA130021D259 /* HW21.app */;
			productType = "com.apple.product-type.application";
		};
/* End PBXNativeTarget section */

/* Begin PBXProject section */
		6E3D0C172B67AA130021D259 /* Project object */ = {
			isa = PBXProject;
			attributes = {
				BuildIndependentTargetsInParallel = 1;
				LastSwiftUpdateCheck = 1520;
				LastUpgradeCheck = 1520;
				TargetAttributes = {
					6E3D0C1E2B67AA130021D259 = {
						CreatedOnToolsVersion = 15.2;
					};
				};
			};
			buildConfigurationList = 6E3D0C1A2B67AA130021D259 /* Build configuration list for PBXProject "HW21" */;
			compatibilityVersion = "Xcode 14.0";
			developmentRegion = en;
			hasScannedForEncodings = 0;
			knownRegions = (
				en,
				Base,
			);
			mainGroup = 6E3D0C162B67AA130021D259;
			productRefGroup = 6E3D0C202B67AA130021D259 /* Products */;
			projectDirPath = "";
			projectRoot = "";
			targets = (
				6E3D0C1E2B67AA130021D259 /* HW21 */,
			);
		};
/* End PBXProject section */

/* Begin PBXResourcesBuildPhase section */
		6E3D0C1D2B67AA130021D259 /* Resources */ = {
			isa = PBXResourcesBuildPhase;
			buildActionMask = 2147483647;
			files = (
				6E3D0C2F2B67AA160021D259 /* LaunchScreen.storyboard in Resources */,
				6E3D0C2C2B67AA160021D259 /* Assets.xcassets in Resources */,
				6E3D0C2A2B67AA130021D259 /* Main.storyboard in Resources */,
			);
			runOnlyForDeploymentPostprocessing = 0;
		};
/* End PBXResourcesBuildPhase section */

/* Begin PBXShellScriptBuildPhase section */
		193DC8FF3588A6912CE9F861 /* [CP] Embed Pods Frameworks */ = {
			isa = PBXShellScriptBuildPhase;
			buildActionMask = 2147483647;
			files = (
			);
			inputFileListPaths = (
				"${PODS_ROOT}/Target Support Files/Pods-HW21/Pods-HW21-frameworks-${CONFIGURATION}-input-files.xcfilelist",
			);
			name = "[CP] Embed Pods Frameworks";
			outputFileListPaths = (
				"${PODS_ROOT}/Target Support Files/Pods-HW21/Pods-HW21-frameworks-${CONFIGURATION}-output-files.xcfilelist",
			);
			runOnlyForDeploymentPostprocessing = 0;
			shellPath = /bin/sh;
			shellScript = "\"${PODS_ROOT}/Target Support Files/Pods-HW21/Pods-HW21-frameworks.sh\"\n";
			showEnvVarsInLog = 0;
		};
		7B4356BF3E5AA4D902C018C8 /* [CP] Check Pods Manifest.lock */ = {
			isa = PBXShellScriptBuildPhase;
			buildActionMask = 2147483647;
			files = (
			);
			inputFileListPaths = (
			);
			inputPaths = (
				"${PODS_PODFILE_DIR_PATH}/Podfile.lock",
				"${PODS_ROOT}/Manifest.lock",
			);
			name = "[CP] Check Pods Manifest.lock";
			outputFileListPaths = (
			);
			outputPaths = (
				"$(DERIVED_FILE_DIR)/Pods-HW21-checkManifestLockResult.txt",
			);
			runOnlyForDeploymentPostprocessing = 0;
			shellPath = /bin/sh;
			shellScript = "diff \"${PODS_PODFILE_DIR_PATH}/Podfile.lock\" \"${PODS_ROOT}/Manifest.lock\" > /dev/null\nif [ $? != 0 ] ; then\n    # print error to STDERR\n    echo \"error: The sandbox is not in sync with the Podfile.lock. Run 'pod install' or update your CocoaPods installation.\" >&2\n    exit 1\nfi\n# This output is used by Xcode 'outputs' to avoid re-running this script phase.\necho \"SUCCESS\" > \"${SCRIPT_OUTPUT_FILE_0}\"\n";
			showEnvVarsInLog = 0;
		};
/* End PBXShellScriptBuildPhase section */

/* Begin PBXSourcesBuildPhase section */
		6E3D0C1B2B67AA130021D259 /* Sources */ = {
			isa = PBXSourcesBuildPhase;
			buildActionMask = 2147483647;
			files = (
				6EA856622B67E3B700B87E34 /* MagicCardsModel.swift in Sources */,
				6EA856642B67E62500B87E34 /* DetailView.swift in Sources */,
				6E3D0C272B67AA130021D259 /* ViewController.swift in Sources */,
				6EA8565F2B67D93B00B87E34 /* Cell.swift in Sources */,
				6E3D0C232B67AA130021D259 /* AppDelegate.swift in Sources */,
				6E3D0C252B67AA130021D259 /* SceneDelegate.swift in Sources */,
			);
			runOnlyForDeploymentPostprocessing = 0;
		};
/* End PBXSourcesBuildPhase section */

/* Begin PBXVariantGroup section */
		6E3D0C282B67AA130021D259 /* Main.storyboard */ = {
			isa = PBXVariantGroup;
			children = (
				6E3D0C292B67AA130021D259 /* Base */,
			);
			name = Main.storyboard;
			sourceTree = "<group>";
		};
		6E3D0C2D2B67AA160021D259 /* LaunchScreen.storyboard */ = {
			isa = PBXVariantGroup;
			children = (
				6E3D0C2E2B67AA160021D259 /* Base */,
			);
			name = LaunchScreen.storyboard;
			sourceTree = "<group>";
		};
/* End PBXVariantGroup section */

/* Begin XCBuildConfiguration section */
		6E3D0C312B67AA160021D259 /* Debug */ = {
			isa = XCBuildConfiguration;
			buildSettings = {
				ALWAYS_SEARCH_USER_PATHS = NO;
				ASSETCATALOG_COMPILER_GENERATE_SWIFT_ASSET_SYMBOL_EXTENSIONS = YES;
				CLANG_ANALYZER_NONNULL = YES;
				CLANG_ANALYZER_NUMBER_OBJECT_CONVERSION = YES_AGGRESSIVE;
				CLANG_CXX_LANGUAGE_STANDARD = "gnu++20";
				CLANG_ENABLE_MODULES = YES;
				CLANG_ENABLE_OBJC_ARC = YES;
				CLANG_ENABLE_OBJC_WEAK = YES;
				CLANG_WARN_BLOCK_CAPTURE_AUTORELEASING = YES;
				CLANG_WARN_BOOL_CONVERSION = YES;
				CLANG_WARN_COMMA = YES;
				CLANG_WARN_CONSTANT_CONVERSION = YES;
				CLANG_WARN_DEPRECATED_OBJC_IMPLEMENTATIONS = YES;
				CLANG_WARN_DIRECT_OBJC_ISA_USAGE = YES_ERROR;
				CLANG_WARN_DOCUMENTATION_COMMENTS = YES;
				CLANG_WARN_EMPTY_BODY = YES;
				CLANG_WARN_ENUM_CONVERSION = YES;
				CLANG_WARN_INFINITE_RECURSION = YES;
				CLANG_WARN_INT_CONVERSION = YES;
				CLANG_WARN_NON_LITERAL_NULL_CONVERSION = YES;
				CLANG_WARN_OBJC_IMPLICIT_RETAIN_SELF = YES;
				CLANG_WARN_OBJC_LITERAL_CONVERSION = YES;
				CLANG_WARN_OBJC_ROOT_CLASS = YES_ERROR;
				CLANG_WARN_QUOTED_INCLUDE_IN_FRAMEWORK_HEADER = YES;
				CLANG_WARN_RANGE_LOOP_ANALYSIS = YES;
				CLANG_WARN_STRICT_PROTOTYPES = YES;
				CLANG_WARN_SUSPICIOUS_MOVE = YES;
				CLANG_WARN_UNGUARDED_AVAILABILITY = YES_AGGRESSIVE;
				CLANG_WARN_UNREACHABLE_CODE = YES;
				CLANG_WARN__DUPLICATE_METHOD_MATCH = YES;
				COPY_PHASE_STRIP = NO;
				DEBUG_INFORMATION_FORMAT = dwarf;
				ENABLE_STRICT_OBJC_MSGSEND = YES;
				ENABLE_TESTABILITY = YES;
				ENABLE_USER_SCRIPT_SANDBOXING = NO;
				GCC_C_LANGUAGE_STANDARD = gnu17;
				GCC_DYNAMIC_NO_PIC = NO;
				GCC_NO_COMMON_BLOCKS = YES;
				GCC_OPTIMIZATION_LEVEL = 0;
				GCC_PREPROCESSOR_DEFINITIONS = (
					"DEBUG=1",
					"$(inherited)",
				);
				GCC_WARN_64_TO_32_BIT_CONVERSION = YES;
				GCC_WARN_ABOUT_RETURN_TYPE = YES_ERROR;
				GCC_WARN_UNDECLARED_SELECTOR = YES;
				GCC_WARN_UNINITIALIZED_AUTOS = YES_AGGRESSIVE;
				GCC_WARN_UNUSED_FUNCTION = YES;
				GCC_WARN_UNUSED_VARIABLE = YES;
				IPHONEOS_DEPLOYMENT_TARGET = 17.2;
				LOCALIZATION_PREFERS_STRING_CATALOGS = YES;
				MTL_ENABLE_DEBUG_INFO = INCLUDE_SOURCE;
				MTL_FAST_MATH = YES;
				ONLY_ACTIVE_ARCH = YES;
				SDKROOT = iphoneos;
				SWIFT_ACTIVE_COMPILATION_CONDITIONS = "DEBUG $(inherited)";
				SWIFT_OPTIMIZATION_LEVEL = "-Onone";
			};
			name = Debug;
		};
		6E3D0C322B67AA160021D259 /* Release */ = {
			isa = XCBuildConfiguration;
			buildSettings = {
				ALWAYS_SEARCH_USER_PATHS = NO;
				ASSETCATALOG_COMPILER_GENERATE_SWIFT_ASSET_SYMBOL_EXTENSIONS = YES;
				CLANG_ANALYZER_NONNULL = YES;
				CLANG_ANALYZER_NUMBER_OBJECT_CONVERSION = YES_AGGRESSIVE;
				CLANG_CXX_LANGUAGE_STANDARD = "gnu++20";
				CLANG_ENABLE_MODULES = YES;
				CLANG_ENABLE_OBJC_ARC = YES;
				CLANG_ENABLE_OBJC_WEAK = YES;
				CLANG_WARN_BLOCK_CAPTURE_AUTORELEASING = YES;
				CLANG_WARN_BOOL_CONVERSION = YES;
				CLANG_WARN_COMMA = YES;
				CLANG_WARN_CONSTANT_CONVERSION = YES;
				CLANG_WARN_DEPRECATED_OBJC_IMPLEMENTATIONS = YES;
				CLANG_WARN_DIRECT_OBJC_ISA_USAGE = YES_ERROR;
				CLANG_WARN_DOCUMENTATION_COMMENTS = YES;
				CLANG_WARN_EMPTY_BODY = YES;
				CLANG_WARN_ENUM_CONVERSION = YES;
				CLANG_WARN_INFINITE_RECURSION = YES;
				CLANG_WARN_INT_CONVERSION = YES;
				CLANG_WARN_NON_LITERAL_NULL_CONVERSION = YES;
				CLANG_WARN_OBJC_IMPLICIT_RETAIN_SELF = YES;
				CLANG_WARN_OBJC_LITERAL_CONVERSION = YES;
				CLANG_WARN_OBJC_ROOT_CLASS = YES_ERROR;
				CLANG_WARN_QUOTED_INCLUDE_IN_FRAMEWORK_HEADER = YES;
				CLANG_WARN_RANGE_LOOP_ANALYSIS = YES;
				CLANG_WARN_STRICT_PROTOTYPES = YES;
				CLANG_WARN_SUSPICIOUS_MOVE = YES;
				CLANG_WARN_UNGUARDED_AVAILABILITY = YES_AGGRESSIVE;
				CLANG_WARN_UNREACHABLE_CODE = YES;
				CLANG_WARN__DUPLICATE_METHOD_MATCH = YES;
				COPY_PHASE_STRIP = NO;
				DEBUG_INFORMATION_FORMAT = "dwarf-with-dsym";
				ENABLE_NS_ASSERTIONS = NO;
				ENABLE_STRICT_OBJC_MSGSEND = YES;
				ENABLE_USER_SCRIPT_SANDBOXING = NO;
				GCC_C_LANGUAGE_STANDARD = gnu17;
				GCC_NO_COMMON_BLOCKS = YES;
				GCC_WARN_64_TO_32_BIT_CONVERSION = YES;
				GCC_WARN_ABOUT_RETURN_TYPE = YES_ERROR;
				GCC_WARN_UNDECLARED_SELECTOR = YES;
				GCC_WARN_UNINITIALIZED_AUTOS = YES_AGGRESSIVE;
				GCC_WARN_UNUSED_FUNCTION = YES;
				GCC_WARN_UNUSED_VARIABLE = YES;
				IPHONEOS_DEPLOYMENT_TARGET = 17.2;
				LOCALIZATION_PREFERS_STRING_CATALOGS = YES;
				MTL_ENABLE_DEBUG_INFO = NO;
				MTL_FAST_MATH = YES;
				SDKROOT = iphoneos;
				SWIFT_COMPILATION_MODE = wholemodule;
				VALIDATE_PRODUCT = YES;
			};
			name = Release;
		};
		6E3D0C342B67AA160021D259 /* Debug */ = {
			isa = XCBuildConfiguration;
			baseConfigurationReference = 7505009AF29483DE4088AC49 /* Pods-HW21.debug.xcconfig */;
			buildSettings = {
				ASSETCATALOG_COMPILER_APPICON_NAME = AppIcon;
				ASSETCATALOG_COMPILER_GLOBAL_ACCENT_COLOR_NAME = AccentColor;
				CODE_SIGN_STYLE = Automatic;
				CURRENT_PROJECT_VERSION = 1;
				DEVELOPMENT_TEAM = UGU4YXN2T7;
				GENERATE_INFOPLIST_FILE = YES;
				INFOPLIST_FILE = HW21/Resources/Info.plist;
				INFOPLIST_KEY_UIApplicationSupportsIndirectInputEvents = YES;
				INFOPLIST_KEY_UILaunchStoryboardName = LaunchScreen;
				INFOPLIST_KEY_UIMainStoryboardFile = Main;
				INFOPLIST_KEY_UISupportedInterfaceOrientations_iPad = "UIInterfaceOrientationPortrait UIInterfaceOrientationPortraitUpsideDown UIInterfaceOrientationLandscapeLeft UIInterfaceOrientationLandscapeRight";
				INFOPLIST_KEY_UISupportedInterfaceOrientations_iPhone = "UIInterfaceOrientationPortrait UIInterfaceOrientationLandscapeLeft UIInterfaceOrientationLandscapeRight";
				LD_RUNPATH_SEARCH_PATHS = (
					"$(inherited)",
					"@executable_path/Frameworks",
				);
				MARKETING_VERSION = 1.0;
				PRODUCT_BUNDLE_IDENTIFIER = MDF.HW21;
				PRODUCT_NAME = "$(TARGET_NAME)";
				SWIFT_EMIT_LOC_STRINGS = YES;
				SWIFT_VERSION = 5.0;
				TARGETED_DEVICE_FAMILY = "1,2";
			};
			name = Debug;
		};
		6E3D0C352B67AA160021D259 /* Release */ = {
			isa = XCBuildConfiguration;
			baseConfigurationReference = 382521E6909584239008FFEE /* Pods-HW21.release.xcconfig */;
			buildSettings = {
				ASSETCATALOG_COMPILER_APPICON_NAME = AppIcon;
				ASSETCATALOG_COMPILER_GLOBAL_ACCENT_COLOR_NAME = AccentColor;
				CODE_SIGN_STYLE = Automatic;
				CURRENT_PROJECT_VERSION = 1;
				DEVELOPMENT_TEAM = UGU4YXN2T7;
				GENERATE_INFOPLIST_FILE = YES;
				INFOPLIST_FILE = HW21/Resources/Info.plist;
				INFOPLIST_KEY_UIApplicationSupportsIndirectInputEvents = YES;
				INFOPLIST_KEY_UILaunchStoryboardName = LaunchScreen;
				INFOPLIST_KEY_UIMainStoryboardFile = Main;
				INFOPLIST_KEY_UISupportedInterfaceOrientations_iPad = "UIInterfaceOrientationPortrait UIInterfaceOrientationPortraitUpsideDown UIInterfaceOrientationLandscapeLeft UIInterfaceOrientationLandscapeRight";
				INFOPLIST_KEY_UISupportedInterfaceOrientations_iPhone = "UIInterfaceOrientationPortrait UIInterfaceOrientationLandscapeLeft UIInterfaceOrientationLandscapeRight";
				LD_RUNPATH_SEARCH_PATHS = (
					"$(inherited)",
					"@executable_path/Frameworks",
				);
				MARKETING_VERSION = 1.0;
				PRODUCT_BUNDLE_IDENTIFIER = MDF.HW21;
				PRODUCT_NAME = "$(TARGET_NAME)";
				SWIFT_EMIT_LOC_STRINGS = YES;
				SWIFT_VERSION = 5.0;
				TARGETED_DEVICE_FAMILY = "1,2";
			};
			name = Release;
		};
/* End XCBuildConfiguration section */

/* Begin XCConfigurationList section */
		6E3D0C1A2B67AA130021D259 /* Build configuration list for PBXProject "HW21" */ = {
			isa = XCConfigurationList;
			buildConfigurations = (
				6E3D0C312B67AA160021D259 /* Debug */,
				6E3D0C322B67AA160021D259 /* Release */,
			);
			defaultConfigurationIsVisible = 0;
			defaultConfigurationName = Release;
		};
		6E3D0C332B67AA160021D259 /* Build configuration list for PBXNativeTarget "HW21" */ = {
			isa = XCConfigurationList;
			buildConfigurations = (
				6E3D0C342B67AA160021D259 /* Debug */,
				6E3D0C352B67AA160021D259 /* Release */,
			);
			defaultConfigurationIsVisible = 0;
			defaultConfigurationName = Release;
		};
/* End XCConfigurationList section */
	};
	rootObject = 6E3D0C172B67AA130021D259 /* Project object */;
}
